github.com/davecgh/go-spew v1.1.0/go.mod h1:J7Y8YcW2NihsgmVo/mv3lAwl/skON4iLHjSsI+c5H38=
github.com/davecgh/go-spew v1.1.1/go.mod h1:J7Y8YcW2NihsgmVo/mv3lAwl/skON4iLHjSsI+c5H38=
github.com/emersion/go-imap v1.0.0-beta.4 h1:QglkDofK1RhU471SqcHxzRlSuPsCL6YpFc+NR5O6H6Q=
github.com/emersion/go-imap v1.0.0-beta.4/go.mod h1:mOPegfAgLVXbhRm1bh2JTX08z2Y3HYmKYpbrKDeAzsQ=
github.com/emersion/go-imap v1.0.0-beta.4.0.20190504114255-4d5af3d05147 h1:cdHOk66P3hpTDhXodyrt+LwFscLHo5DJ/Iy8Rs64pOU=
github.com/emersion/go-imap v1.0.0-beta.4.0.20190504114255-4d5af3d05147/go.mod h1:mOPegfAgLVXbhRm1bh2JTX08z2Y3HYmKYpbrKDeAzsQ=
github.com/emersion/go-imap-appendlimit v0.0.0-20190308131241-25671c986a6a h1:bMdSPm6sssuOFpIaveu3XGAijMS3Tq2S3EqFZmZxidc=
github.com/emersion/go-imap-appendlimit v0.0.0-20190308131241-25671c986a6a/go.mod h1:ikgISoP7pRAolqsVP64yMteJa2FIpS6ju88eBT6K1yQ=
github.com/emersion/go-imap-move v0.0.0-20180601155324-5eb20cb834bf h1:TmRfuPmhrwAhWKu2XaBaY9N+anRRDBO+E8VRVO9g3fY=
github.com/emersion/go-imap-move v0.0.0-20180601155324-5eb20cb834bf/go.mod h1:QuMaZcKFDVI0yCrnAbPLfbwllz1wtOrZH8/vZ5yzp4w=
github.com/emersion/go-message v0.9.1 h1:s6HoJ6t+1wHWEs0G/QVR1r5bb6nvx2/b6DuQfknit14=
github.com/emersion/go-message v0.9.1/go.mod h1:m3cK90skCWxm5sIMs1sXxly4Tn9Plvcf6eayHZJ1NzM=
github.com/emersion/go-message v0.10.3 h1:4pajGb3Rq+gHLfRcWysgcwtGRNgLpB8LC6X/vRZ89d0=
github.com/emersion/go-message v0.10.3/go.mod h1:3h+HsGTCFHmk4ngJ2IV/YPhdlaOcR6hcgqM3yca9v7c=
github.com/emersion/go-message v0.11.1/go.mod h1:C4jnca5HOTo4bGN9YdqNQM9sITuT3Y0K6bSUw9RklvY=
github.com/emersion/go-message v0.15.0/go.mod h1:wQUEfE+38+7EW8p8aZ96ptg6bAb1iwdgej19uXASlE4=
github.com/emersion/go-sasl v0.0.0-20161116183048-7e096a0a6197 h1:rDJPbyliyym8ZL/Wt71kdolp6yaD4fLIQz638E6JEt0=
github.com/emersion/go-sasl v0.0.0-20161116183048-7e096a0a6197/go.mod h1:G/dpzLu16WtQpBfQ/z3LYiYJn3ZhKSGWn83fyoyQe/k=
github.com/emersion/go-sasl v0.0.0-20191210011802-430746ea8b9b h1:uhWtEWBHgop1rqEk2klKaxPAkVDCXexai6hSuRQ7Nvs=
github.com/emersion/go-sasl v0.0.0-20191210011802-430746ea8b9b/go.mod h1:G/dpzLu16WtQpBfQ/z3LYiYJn3ZhKSGWn83fyoyQe/k=
github.com/emersion/go-sasl v0.0.0-20200509203442-7bfe0ed36a21 h1:OJyUGMJTzHTd1XQp98QTaHernxMYzRaOasRir9hUlFQ=
github.com/emersion/go-sasl v0.0.0-20200509203442-7bfe0ed36a21/go.mod h1:iL2twTeMvZnrg54ZoPDNfJaJaqy0xIQFuBdrLsmspwQ=
github.com/emersion/go-textwrapper v0.0.0-20160606182133-d0e65e56babe h1:40SWqY0zE3qCi6ZrtTf5OUdNm5lDnGnjRSq9GgmeTrg=
github.com/emersion/go-textwrapper v0.0.0-20160606182133-d0e65e56babe/go.mod h1:aqO8z8wPrjkscevZJFVE1wXJrLpC5LtJG7fqLOsPb2U=
github.com/emersion/go-textwrapper v0.0.0-20200911093747-65d896831594/go.mod h1:aqO8z8wPrjkscevZJFVE1wXJrLpC5LtJG7fqLOsPb2U=
github.com/foxcpp/go-imap v1.0.0-beta.1.0.20200802083659-cf943ff91d80 h1:c66xbEXsb/aPZTSrf430FhPGhE3s6wJtCE8BszYOsdY=
github.com/foxcpp/go-imap v1.0.0-beta.1.0.20200802083659-cf943ff91d80/go.mod h1:yKASt+C3ZiDAiCSssxg9caIckWF/JG7ZQTO7GAmvicU=
github.com/foxcpp/go-imap v1.0.0-beta.1.0.20220105164802-1e767d4cfd62 h1:fkQX2NRzBgtR2PC60IXzrhcxr3Gti8zIY9HNhJ43/7w=
github.com/foxcpp/go-imap v1.0.0-beta.1.0.20220105164802-1e767d4cfd62/go.mod h1:Qlx1FSx2FTxjnjWpIlVNEuX+ylerZQNFE5NsmKFSejY=
github.com/google/go-cmp v0.2.0 h1:+dTQ8DZQJz0Mb/HjFlkptS1FeQ4cWSnN941F8aEG4SQ=
github.com/google/go-cmp v0.2.0/go.mod h1:oXzfMopK8JAjlY9xF4vHSVASa0yLyX7SntLO5aqRK0M=
github.com/martinlindhe/base36 v0.0.0-20190418230009-7c6542dfbb41/go.mod h1:+AtEs8xrBpCeYgSLoY/aJ6Wf37jtBuR0s35750M27+8=
github.com/martinlindhe/base36 v1.0.0/go.mod h1:+AtEs8xrBpCeYgSLoY/aJ6Wf37jtBuR0s35750M27+8=
github.com/pkg/errors v0.8.1 h1:iURUrRGxPUNPdy5/HRSm+Yj6okJ6UtLINN0Q9M4+h3I=
github.com/pkg/errors v0.8.1/go.mod h1:bwawxfHBFNV+L2hUp1rHADufV3IMtnDRdf1r5NINEl0=
github.com/pmezard/go-difflib v1.0.0/go.mod h1:iKH77koFhYxTK1pcRnkKkqfTogsbg7gZNVY4sRDYZ/4=
github.com/stretchr/objx v0.1.0/go.mod h1:HFkY916IF+rwdDfMAkV7OtwuqBVzrE8GR6GFx+wExME=
github.com/stretchr/testify v1.3.0/go.mod h1:M5WIy9Dh21IEIfnGCwXGc5bZfKNJtfHm1UVUgZn+9EI=
golang.org/x/text v0.3.0 h1:g61tztE5qeGQ89tm6NTjjM9VPIm088od1l6aSorWRWg=
golang.org/x/text v0.3.0/go.mod h1:NqM8EUOU14njkJ3fqMW+pc6Ldnwhi/IjpwHt7yyuwOQ=
golang.org/x/text v0.3.2 h1:tW2bmiBqwgJj/UpqtC8EpXEZVYOwU0yG4iWbprSVAcs=
golang.org/x/text v0.3.2/go.mod h1:bEr9sfX3Q8Zfm5fL9x+3itogRgK3+ptLWKqgva+5dAk=
golang.org/x/text v0.3.6/go.mod h1:5Zoc/QRtKVWzQhOtBMvqHzDpF6irO9z98xDceosuGiQ=
golang.org/x/text v0.3.7 h1:olpwvP2KacW1ZWvsR7uQhoyTYvKAupfQrRGBFM352Gk=
golang.org/x/text v0.3.7/go.mod h1:u+2+/6zg+i71rQMx5EYifcz6MCKuco9NR6JIITiCfzQ=
golang.org/x/tools v0.0.0-20180917221912-90fa682c2a6e/go.mod h1:n7NCudcB/nEzxVGmLbDWY5pfWTLqBcC2KZ6jyYvM4mQ=
gotest.tools v2.2.0+incompatible h1:VsBPFP1AI068pPrMxtb/S8Zkgf9xEmTLJjfM+P5UIEo=
gotest.tools v2.2.0+incompatible/go.mod h1:DsYFclhRJ6vuDpmuTbkuFWG+y2sxOXAzmJt81HFBacw=
